<?xml version="1.0" encoding="utf-8"?>
<Project ToolsVersion="4.0" xmlns="http://schemas.microsoft.com/developer/msbuild/2003">
  <ItemGroup>
    <Filter Include="Source Files">
      <UniqueIdentifier>{4FC737F1-C7A5-4376-A066-2A32D752A2FF}</UniqueIdentifier>
      <Extensions>cpp;c;cc;cxx;c++;cppm;ixx;def;odl;idl;hpj;bat;asm;asmx</Extensions>
    </Filter>
    <Filter Include="Header Files">
      <UniqueIdentifier>{93995380-89BD-4b04-88EB-625FBE52EBFB}</UniqueIdentifier>
      <Extensions>h;hh;hpp;hxx;h++;hm;inl;inc;ipp;xsd</Extensions>
    </Filter>
    <Filter Include="Resource Files">
      <UniqueIdentifier>{67DA6AB6-F800-4c08-8B7A-83BB121AAD01}</UniqueIdentifier>
      <Extensions>rc;ico;cur;bmp;dlg;rc2;rct;bin;rgs;gif;jpg;jpeg;jpe;resx;tiff;tif;png;wav;mfcribbon-ms</Extensions>
    </Filter>
    <Filter Include="Resource Files\Materials">
      <UniqueIdentifier>{649a9dd6-2523-4769-99d0-52d5606d04a0}</UniqueIdentifier>
    </Filter>
    <Filter Include="Resource Files\Shaders">
      <UniqueIdentifier>{a54ff792-d382-4df1-8341-58b43829bf88}</UniqueIdentifier>
    </Filter>
    <Filter Include="Resource Files\Scenes">
      <UniqueIdentifier>{914e8fd7-823b-4acd-8e36-1a511a3344c8}</UniqueIdentifier>
    </Filter>
    <Filter Include="Resource Files\Shaders\basic">
      <UniqueIdentifier>{c7e375c4-b4d2-4ed5-b04d-94fff40366fb}</UniqueIdentifier>
    </Filter>
    <Filter Include="Resource Files\Shaders\basic_lit">
      <UniqueIdentifier>{09e0deb4-207c-4913-b2af-0902f7a4ae13}</UniqueIdentifier>
    </Filter>
    <Filter Include="Resource Files\Shaders\basic_phong">
      <UniqueIdentifier>{f69deaf1-fa67-4f1a-b865-9f10d83556b8}</UniqueIdentifier>
    </Filter>
    <Filter Include="Resource Files\Shaders\FX">
      <UniqueIdentifier>{8b807127-313e-44ac-9f94-b3518299811a}</UniqueIdentifier>
    </Filter>
    <Filter Include="Resource Files\Shaders\UNLIT">
      <UniqueIdentifier>{101dd519-292f-4a18-8f4d-4f9a0a40abf1}</UniqueIdentifier>
    </Filter>
    <Filter Include="Resource Files\Shaders\LIT">
      <UniqueIdentifier>{5f1daf28-ab5e-4db7-82c0-7f2cdde03a80}</UniqueIdentifier>
    </Filter>
  </ItemGroup>
  <ItemGroup>
    <ClCompile Include="Main.cpp">
      <Filter>Source Files</Filter>
    </ClCompile>
  </ItemGroup>
  <ItemGroup>
    <None Include="..\..\Build\Assets\Materials\box.mtrl">
      <Filter>Resource Files\Materials</Filter>
    </None>
    <None Include="..\..\Build\Assets\Materials\spot.mtrl">
      <Filter>Resource Files\Materials</Filter>
    </None>
    <None Include="..\..\Build\Assets\Scenes\basic.scn">
      <Filter>Resource Files\Scenes</Filter>
    </None>
    <None Include="..\..\Build\Assets\Scenes\basic_lit.scn">
      <Filter>Resource Files\Scenes</Filter>
    </None>
    <None Include="..\..\Build\Assets\Scenes\textures.scn">
      <Filter>Resource Files\Scenes</Filter>
    </None>
    <None Include="..\..\Build\Assets\Materials\multi.mtrl">
      <Filter>Resource Files\Materials</Filter>
    </None>
    <None Include="..\..\Build\Assets\Materials\ogre.mtrl">
      <Filter>Resource Files\Materials</Filter>
    </None>
    <None Include="..\..\Build\Assets\Shaders\basic.frag">
      <Filter>Resource Files\Shaders\basic</Filter>
    </None>
    <None Include="..\..\Build\Assets\Shaders\basic.prog">
      <Filter>Resource Files\Shaders\basic</Filter>
    </None>
    <None Include="..\..\Build\Assets\Shaders\basic.vert">
      <Filter>Resource Files\Shaders\basic</Filter>
    </None>
    <None Include="..\..\Build\Assets\Shaders\basic_lit.frag">
      <Filter>Resource Files\Shaders\basic_lit</Filter>
    </None>
    <None Include="..\..\Build\Assets\Shaders\basic_lit.prog">
      <Filter>Resource Files\Shaders\basic_lit</Filter>
    </None>
    <None Include="..\..\Build\Assets\Shaders\basic_lit.vert">
      <Filter>Resource Files\Shaders\basic_lit</Filter>
    </None>
    <None Include="..\..\Build\Assets\Shaders\basic_phong.frag">
      <Filter>Resource Files\Shaders\basic_phong</Filter>
    </None>
    <None Include="..\..\Build\Assets\Shaders\basic_phong.prog">
      <Filter>Resource Files\Shaders\basic_phong</Filter>
    </None>
    <None Include="..\..\Build\Assets\Shaders\basic_phong.vert">
      <Filter>Resource Files\Shaders\basic_phong</Filter>
    </None>
    <None Include="..\..\Build\Assets\Shaders\unlit\color.frag">
      <Filter>Resource Files\Shaders\UNLIT</Filter>
    </None>
    <None Include="..\..\Build\Assets\Shaders\unlit\color.prog">
      <Filter>Resource Files\Shaders\UNLIT</Filter>
    </None>
    <None Include="..\..\Build\Assets\Shaders\unlit\color.vert">
      <Filter>Resource Files\Shaders\UNLIT</Filter>
    </None>
    <None Include="..\..\Build\Assets\Shaders\unlit\texture.frag">
      <Filter>Resource Files\Shaders\UNLIT</Filter>
    </None>
    <None Include="..\..\Build\Assets\Shaders\unlit\texture.prog">
      <Filter>Resource Files\Shaders\UNLIT</Filter>
    </None>
    <None Include="..\..\Build\Assets\Shaders\unlit\texture.vert">
      <Filter>Resource Files\Shaders\UNLIT</Filter>
    </None>
    <None Include="..\..\Build\Assets\Materials\squirrel.mtrl">
      <Filter>Resource Files\Materials</Filter>
    </None>
    <None Include="..\..\Build\Assets\Shaders\FX\toon.prog">
      <Filter>Resource Files\Shaders\FX</Filter>
    </None>
    <None Include="..\..\Build\Assets\Shaders\FX\toon.vert">
      <Filter>Resource Files\Shaders\FX</Filter>
    </None>
    <None Include="..\..\Build\Assets\Shaders\FX\toon.frag">
      <Filter>Resource Files\Shaders\FX</Filter>
    </None>
    <None Include="..\..\Build\Assets\Shaders\lit\texture.frag">
      <Filter>Resource Files\Shaders\LIT</Filter>
    </None>
    <None Include="..\..\Build\Assets\Shaders\lit\texture.prog">
      <Filter>Resource Files\Shaders\LIT</Filter>
    </None>
    <None Include="..\..\Build\Assets\Shaders\lit\texture.vert">
      <Filter>Resource Files\Shaders\LIT</Filter>
    </None>
    <None Include="..\..\Build\Assets\Shaders\lit\texture_normal.frag">
      <Filter>Resource Files\Shaders\LIT</Filter>
    </None>
    <None Include="..\..\Build\Assets\Shaders\lit\texture_normal.prog">
      <Filter>Resource Files\Shaders\LIT</Filter>
    </None>
    <None Include="..\..\Build\Assets\Shaders\lit\texture_normal.vert">
      <Filter>Resource Files\Shaders\LIT</Filter>
    </None>
    <None Include="..\..\Build\Assets\Scenes\cubemap.scn">
      <Filter>Resource Files\Scenes</Filter>
    </None>
    <None Include="..\..\Build\Assets\Materials\skybox.mtrl">
      <Filter>Resource Files\Materials</Filter>
    </None>
    <None Include="..\..\Build\Assets\Shaders\FX\reflection.prog">
      <Filter>Resource Files\Shaders\FX</Filter>
    </None>
    <None Include="..\..\Build\Assets\Shaders\FX\reflection.vert">
      <Filter>Resource Files\Shaders\FX</Filter>
    </None>
    <None Include="..\..\Build\Assets\Shaders\FX\skybox.prog">
      <Filter>Resource Files\Shaders\FX</Filter>
    </None>
    <None Include="..\..\Build\Assets\Shaders\FX\reflection.frag">
      <Filter>Resource Files\Shaders\FX</Filter>
    </None>
    <None Include="..\..\Build\Assets\Materials\reflection.mtrl">
      <Filter>Resource Files\Materials</Filter>
    </None>
    <None Include="..\..\Build\Assets\Shaders\FX\skybox.frag">
      <Filter>Resource Files\Shaders\FX</Filter>
    </None>
    <None Include="..\..\Build\Assets\Shaders\FX\skybox.vert">
      <Filter>Resource Files\Shaders\FX</Filter>
    </None>
    <None Include="..\..\Build\Assets\Shaders\FX\refraction.prog">
      <Filter>Resource Files\Shaders\FX</Filter>
    </None>
    <None Include="..\..\Build\Assets\Shaders\FX\refraction.vert">
      <Filter>Resource Files\Shaders\FX</Filter>
    </None>
    <None Include="..\..\Build\Assets\Shaders\FX\refraction.frag">
      <Filter>Resource Files\Shaders\FX</Filter>
    </None>
    <None Include="..\..\Build\Assets\Scenes\rtt.scn">
      <Filter>Resource Files\Scenes</Filter>
    </None>
    <None Include="..\..\Build\Assets\Materials\rtt.mtrl">
      <Filter>Resource Files\Materials</Filter>
    </None>
  </ItemGroup>
</Project>